// !$*UTF8*$!
{
	archiveVersion = 1;
	classes = {
	};
	objectVersion = 46;
	objects = {

/* Begin PBXBuildFile section */
		A273B5B31E2F327500809C45 /* AppDelegate.swift in Sources */ = {isa = PBXBuildFile; fileRef = A273B5B21E2F327500809C45 /* AppDelegate.swift */; };
		A273B5B51E2F327500809C45 /* ViewController.swift in Sources */ = {isa = PBXBuildFile; fileRef = A273B5B41E2F327500809C45 /* ViewController.swift */; };
		A273B5B81E2F327500809C45 /* Main.storyboard in Resources */ = {isa = PBXBuildFile; fileRef = A273B5B61E2F327500809C45 /* Main.storyboard */; };
		A273B5BA1E2F327500809C45 /* Assets.xcassets in Resources */ = {isa = PBXBuildFile; fileRef = A273B5B91E2F327500809C45 /* Assets.xcassets */; };
		A273B5BD1E2F327500809C45 /* LaunchScreen.storyboard in Resources */ = {isa = PBXBuildFile; fileRef = A273B5BB1E2F327500809C45 /* LaunchScreen.storyboard */; };
		A273B5C81E2F327500809C45 /* TennisTests.swift in Sources */ = {isa = PBXBuildFile; fileRef = A273B5C71E2F327500809C45 /* TennisTests.swift */; };
		A273B5D31E2F327500809C45 /* TennisUITests.swift in Sources */ = {isa = PBXBuildFile; fileRef = A273B5D21E2F327500809C45 /* TennisUITests.swift */; };
		A273B5F11E2F349100809C45 /* BaseInfo.swift in Sources */ = {isa = PBXBuildFile; fileRef = A273B5F01E2F349100809C45 /* BaseInfo.swift */; };
		A273B5F31E2F34B200809C45 /* UserInfo.swift in Sources */ = {isa = PBXBuildFile; fileRef = A273B5F21E2F34B200809C45 /* UserInfo.swift */; };
		A273B5F51E2F34D900809C45 /* FxOperation.swift in Sources */ = {isa = PBXBuildFile; fileRef = A273B5F41E2F34D900809C45 /* FxOperation.swift */; };
		A273B5F71E2F350200809C45 /* FxLogin.swift in Sources */ = {isa = PBXBuildFile; fileRef = A273B5F61E2F350200809C45 /* FxLogin.swift */; };
		A273B5F91E2F351300809C45 /* FxRegister.swift in Sources */ = {isa = PBXBuildFile; fileRef = A273B5F81E2F351300809C45 /* FxRegister.swift */; };
		A273B5FB1E2F356E00809C45 /* FxBaseController.swift in Sources */ = {isa = PBXBuildFile; fileRef = A273B5FA1E2F356E00809C45 /* FxBaseController.swift */; };
		A273B5FE1E2F35D500809C45 /* FxBasePage.swift in Sources */ = {isa = PBXBuildFile; fileRef = A273B5FD1E2F35D500809C45 /* FxBasePage.swift */; };
		A273B6001E2F360000809C45 /* LoginPage.swift in Sources */ = {isa = PBXBuildFile; fileRef = A273B5FF1E2F360000809C45 /* LoginPage.swift */; };
		A273B6021E2F361F00809C45 /* GuidePage.swift in Sources */ = {isa = PBXBuildFile; fileRef = A273B6011E2F361F00809C45 /* GuidePage.swift */; };
		A273B6041E2F364300809C45 /* RegisterPage.swift in Sources */ = {isa = PBXBuildFile; fileRef = A273B6031E2F364300809C45 /* RegisterPage.swift */; };
/* End PBXBuildFile section */

/* Begin PBXContainerItemProxy section */
		A273B5C41E2F327500809C45 /* PBXContainerItemProxy */ = {
			isa = PBXContainerItemProxy;
			containerPortal = A273B5A71E2F327500809C45 /* Project object */;
			proxyType = 1;
			remoteGlobalIDString = A273B5AE1E2F327500809C45;
			remoteInfo = Tennis;
		};
		A273B5CF1E2F327500809C45 /* PBXContainerItemProxy */ = {
			isa = PBXContainerItemProxy;
			containerPortal = A273B5A71E2F327500809C45 /* Project object */;
			proxyType = 1;
			remoteGlobalIDString = A273B5AE1E2F327500809C45;
			remoteInfo = Tennis;
		};
/* End PBXContainerItemProxy section */

/* Begin PBXFileReference section */
		A273B5AF1E2F327500809C45 /* Tennis.app */ = {isa = PBXFileReference; explicitFileType = wrapper.application; includeInIndex = 0; path = Tennis.app; sourceTree = BUILT_PRODUCTS_DIR; };
		A273B5B21E2F327500809C45 /* AppDelegate.swift */ = {isa = PBXFileReference; lastKnownFileType = sourcecode.swift; path = AppDelegate.swift; sourceTree = "<group>"; };
		A273B5B41E2F327500809C45 /* ViewController.swift */ = {isa = PBXFileReference; lastKnownFileType = sourcecode.swift; path = ViewController.swift; sourceTree = "<group>"; };
		A273B5B71E2F327500809C45 /* Base */ = {isa = PBXFileReference; lastKnownFileType = file.storyboard; name = Base; path = Base.lproj/Main.storyboard; sourceTree = "<group>"; };
		A273B5B91E2F327500809C45 /* Assets.xcassets */ = {isa = PBXFileReference; lastKnownFileType = folder.assetcatalog; path = Assets.xcassets; sourceTree = "<group>"; };
		A273B5BC1E2F327500809C45 /* Base */ = {isa = PBXFileReference; lastKnownFileType = file.storyboard; name = Base; path = Base.lproj/LaunchScreen.storyboard; sourceTree = "<group>"; };
		A273B5BE1E2F327500809C45 /* Info.plist */ = {isa = PBXFileReference; lastKnownFileType = text.plist.xml; path = Info.plist; sourceTree = "<group>"; };
		A273B5C31E2F327500809C45 /* TennisTests.xctest */ = {isa = PBXFileReference; explicitFileType = wrapper.cfbundle; includeInIndex = 0; path = TennisTests.xctest; sourceTree = BUILT_PRODUCTS_DIR; };
		A273B5C71E2F327500809C45 /* TennisTests.swift */ = {isa = PBXFileReference; lastKnownFileType = sourcecode.swift; path = TennisTests.swift; sourceTree = "<group>"; };
		A273B5C91E2F327500809C45 /* Info.plist */ = {isa = PBXFileReference; lastKnownFileType = text.plist.xml; path = Info.plist; sourceTree = "<group>"; };
		A273B5CE1E2F327500809C45 /* TennisUITests.xctest */ = {isa = PBXFileReference; explicitFileType = wrapper.cfbundle; includeInIndex = 0; path = TennisUITests.xctest; sourceTree = BUILT_PRODUCTS_DIR; };
		A273B5D21E2F327500809C45 /* TennisUITests.swift */ = {isa = PBXFileReference; lastKnownFileType = sourcecode.swift; path = TennisUITests.swift; sourceTree = "<group>"; };
		A273B5D41E2F327500809C45 /* Info.plist */ = {isa = PBXFileReference; lastKnownFileType = text.plist.xml; path = Info.plist; sourceTree = "<group>"; };
		A273B5F01E2F349100809C45 /* BaseInfo.swift */ = {isa = PBXFileReference; fileEncoding = 4; lastKnownFileType = sourcecode.swift; path = BaseInfo.swift; sourceTree = "<group>"; };
		A273B5F21E2F34B200809C45 /* UserInfo.swift */ = {isa = PBXFileReference; fileEncoding = 4; lastKnownFileType = sourcecode.swift; path = UserInfo.swift; sourceTree = "<group>"; };
		A273B5F41E2F34D900809C45 /* FxOperation.swift */ = {isa = PBXFileReference; fileEncoding = 4; lastKnownFileType = sourcecode.swift; path = FxOperation.swift; sourceTree = "<group>"; };
		A273B5F61E2F350200809C45 /* FxLogin.swift */ = {isa = PBXFileReference; fileEncoding = 4; lastKnownFileType = sourcecode.swift; path = FxLogin.swift; sourceTree = "<group>"; };
		A273B5F81E2F351300809C45 /* FxRegister.swift */ = {isa = PBXFileReference; fileEncoding = 4; lastKnownFileType = sourcecode.swift; path = FxRegister.swift; sourceTree = "<group>"; };
		A273B5FA1E2F356E00809C45 /* FxBaseController.swift */ = {isa = PBXFileReference; fileEncoding = 4; lastKnownFileType = sourcecode.swift; path = FxBaseController.swift; sourceTree = "<group>"; };
		A273B5FD1E2F35D500809C45 /* FxBasePage.swift */ = {isa = PBXFileReference; fileEncoding = 4; lastKnownFileType = sourcecode.swift; path = FxBasePage.swift; sourceTree = "<group>"; };
		A273B5FF1E2F360000809C45 /* LoginPage.swift */ = {isa = PBXFileReference; fileEncoding = 4; lastKnownFileType = sourcecode.swift; path = LoginPage.swift; sourceTree = "<group>"; };
		A273B6011E2F361F00809C45 /* GuidePage.swift */ = {isa = PBXFileReference; fileEncoding = 4; lastKnownFileType = sourcecode.swift; path = GuidePage.swift; sourceTree = "<group>"; };
		A273B6031E2F364300809C45 /* RegisterPage.swift */ = {isa = PBXFileReference; fileEncoding = 4; lastKnownFileType = sourcecode.swift; path = RegisterPage.swift; sourceTree = "<group>"; };
/* End PBXFileReference section */

/* Begin PBXFrameworksBuildPhase section */
		A273B5AC1E2F327500809C45 /* Frameworks */ = {
			isa = PBXFrameworksBuildPhase;
			buildActionMask = 2147483647;
			files = (
			);
			runOnlyForDeploymentPostprocessing = 0;
		};
		A273B5C01E2F327500809C45 /* Frameworks */ = {
			isa = PBXFrameworksBuildPhase;
			buildActionMask = 2147483647;
			files = (
			);
			runOnlyForDeploymentPostprocessing = 0;
		};
		A273B5CB1E2F327500809C45 /* Frameworks */ = {
			isa = PBXFrameworksBuildPhase;
			buildActionMask = 2147483647;
			files = (
			);
			runOnlyForDeploymentPostprocessing = 0;
		};
/* End PBXFrameworksBuildPhase section */

/* Begin PBXGroup section */
		A273B5A61E2F327500809C45 = {
			isa = PBXGroup;
			children = (
				A273B5B11E2F327500809C45 /* Tennis */,
				A273B5EA1E2F339100809C45 /* Resources */,
				A273B5C61E2F327500809C45 /* TennisTests */,
				A273B5D11E2F327500809C45 /* TennisUITests */,
				A273B5B01E2F327500809C45 /* Products */,
			);
			sourceTree = "<group>";
		};
		A273B5B01E2F327500809C45 /* Products */ = {
			isa = PBXGroup;
			children = (
				A273B5AF1E2F327500809C45 /* Tennis.app */,
				A273B5C31E2F327500809C45 /* TennisTests.xctest */,
				A273B5CE1E2F327500809C45 /* TennisUITests.xctest */,
			);
			name = Products;
			sourceTree = "<group>";
		};
		A273B5B11E2F327500809C45 /* Tennis */ = {
			isa = PBXGroup;
			children = (
				A273B5E01E2F32B500809C45 /* Global */,
				A273B5E71E2F333400809C45 /* Model */,
				A273B5E31E2F32F200809C45 /* Operation */,
				A273B5E41E2F330400809C45 /* View */,
				A273B5E51E2F330C00809C45 /* DB */,
				A273B5E61E2F331900809C45 /* Utility */,
				A273B5E81E2F336500809C45 /* ThirdSDK */,
				A273B5E91E2F336F00809C45 /* Define */,
				A273B5B21E2F327500809C45 /* AppDelegate.swift */,
				A273B5B41E2F327500809C45 /* ViewController.swift */,
			);
			path = Tennis;
			sourceTree = "<group>";
		};
		A273B5C61E2F327500809C45 /* TennisTests */ = {
			isa = PBXGroup;
			children = (
				A273B5C71E2F327500809C45 /* TennisTests.swift */,
				A273B5C91E2F327500809C45 /* Info.plist */,
			);
			path = TennisTests;
			sourceTree = "<group>";
		};
		A273B5D11E2F327500809C45 /* TennisUITests */ = {
			isa = PBXGroup;
			children = (
				A273B5D21E2F327500809C45 /* TennisUITests.swift */,
				A273B5D41E2F327500809C45 /* Info.plist */,
			);
			path = TennisUITests;
			sourceTree = "<group>";
		};
		A273B5E01E2F32B500809C45 /* Global */ = {
			isa = PBXGroup;
			children = (
			);
			name = Global;
			sourceTree = "<group>";
		};
		A273B5E31E2F32F200809C45 /* Operation */ = {
			isa = PBXGroup;
			children = (
				A273B5F41E2F34D900809C45 /* FxOperation.swift */,
				A273B5F61E2F350200809C45 /* FxLogin.swift */,
				A273B5F81E2F351300809C45 /* FxRegister.swift */,
			);
			name = Operation;
			sourceTree = "<group>";
		};
		A273B5E41E2F330400809C45 /* View */ = {
			isa = PBXGroup;
			children = (
				A273B5FA1E2F356E00809C45 /* FxBaseController.swift */,
				A273B5FC1E2F358100809C45 /* Page */,
			);
			name = View;
			sourceTree = "<group>";
		};
		A273B5E51E2F330C00809C45 /* DB */ = {
			isa = PBXGroup;
			children = (
			);
			name = DB;
			sourceTree = "<group>";
		};
		A273B5E61E2F331900809C45 /* Utility */ = {
			isa = PBXGroup;
			children = (
			);
			name = Utility;
			sourceTree = "<group>";
		};
		A273B5E71E2F333400809C45 /* Model */ = {
			isa = PBXGroup;
			children = (
				A273B5F01E2F349100809C45 /* BaseInfo.swift */,
				A273B5F21E2F34B200809C45 /* UserInfo.swift */,
			);
			name = Model;
			sourceTree = "<group>";
		};
		A273B5E81E2F336500809C45 /* ThirdSDK */ = {
			isa = PBXGroup;
			children = (
			);
			name = ThirdSDK;
			sourceTree = "<group>";
		};
		A273B5E91E2F336F00809C45 /* Define */ = {
			isa = PBXGroup;
			children = (
			);
			name = Define;
			sourceTree = "<group>";
		};
		A273B5EA1E2F339100809C45 /* Resources */ = {
			isa = PBXGroup;
			children = (
				A273B5EB1E2F33A600809C45 /* Config */,
				A273B5EC1E2F33B000809C45 /* Images */,
				A273B5ED1E2F33B900809C45 /* Xib */,
			);
			name = Resources;
			path = Tennis;
			sourceTree = "<group>";
		};
		A273B5EB1E2F33A600809C45 /* Config */ = {
			isa = PBXGroup;
			children = (
				A273B5BE1E2F327500809C45 /* Info.plist */,
			);
			name = Config;
			sourceTree = "<group>";
		};
		A273B5EC1E2F33B000809C45 /* Images */ = {
			isa = PBXGroup;
			children = (
				A273B5B91E2F327500809C45 /* Assets.xcassets */,
			);
			name = Images;
			sourceTree = "<group>";
		};
		A273B5ED1E2F33B900809C45 /* Xib */ = {
			isa = PBXGroup;
			children = (
				A273B5B61E2F327500809C45 /* Main.storyboard */,
				A273B5BB1E2F327500809C45 /* LaunchScreen.storyboard */,
			);
			name = Xib;
			sourceTree = "<group>";
		};
		A273B5FC1E2F358100809C45 /* Page */ = {
			isa = PBXGroup;
			children = (
				A273B5FD1E2F35D500809C45 /* FxBasePage.swift */,
				A273B5FF1E2F360000809C45 /* LoginPage.swift */,
				A273B6011E2F361F00809C45 /* GuidePage.swift */,
				A273B6031E2F364300809C45 /* RegisterPage.swift */,
			);
			name = Page;
			sourceTree = "<group>";
		};
/* End PBXGroup section */

/* Begin PBXNativeTarget section */
		A273B5AE1E2F327500809C45 /* Tennis */ = {
			isa = PBXNativeTarget;
			buildConfigurationList = A273B5D71E2F327500809C45 /* Build configuration list for PBXNativeTarget "Tennis" */;
			buildPhases = (
				A273B5AB1E2F327500809C45 /* Sources */,
				A273B5AC1E2F327500809C45 /* Frameworks */,
				A273B5AD1E2F327500809C45 /* Resources */,
			);
			buildRules = (
			);
			dependencies = (
			);
			name = Tennis;
			productName = Tennis;
			productReference = A273B5AF1E2F327500809C45 /* Tennis.app */;
			productType = "com.apple.product-type.application";
		};
		A273B5C21E2F327500809C45 /* TennisTests */ = {
			isa = PBXNativeTarget;
			buildConfigurationList = A273B5DA1E2F327500809C45 /* Build configuration list for PBXNativeTarget "TennisTests" */;
			buildPhases = (
				A273B5BF1E2F327500809C45 /* Sources */,
				A273B5C01E2F327500809C45 /* Frameworks */,
				A273B5C11E2F327500809C45 /* Resources */,
			);
			buildRules = (
			);
			dependencies = (
				A273B5C51E2F327500809C45 /* PBXTargetDependency */,
			);
			name = TennisTests;
			productName = TennisTests;
			productReference = A273B5C31E2F327500809C45 /* TennisTests.xctest */;
			productType = "com.apple.product-type.bundle.unit-test";
		};
		A273B5CD1E2F327500809C45 /* TennisUITests */ = {
			isa = PBXNativeTarget;
			buildConfigurationList = A273B5DD1E2F327500809C45 /* Build configuration list for PBXNativeTarget "TennisUITests" */;
			buildPhases = (
				A273B5CA1E2F327500809C45 /* Sources */,
				A273B5CB1E2F327500809C45 /* Frameworks */,
				A273B5CC1E2F327500809C45 /* Resources */,
			);
			buildRules = (
			);
			dependencies = (
				A273B5D01E2F327500809C45 /* PBXTargetDependency */,
			);
			name = TennisUITests;
			productName = TennisUITests;
			productReference = A273B5CE1E2F327500809C45 /* TennisUITests.xctest */;
			productType = "com.apple.product-type.bundle.ui-testing";
		};
/* End PBXNativeTarget section */

/* Begin PBXProject section */
		A273B5A71E2F327500809C45 /* Project object */ = {
			isa = PBXProject;
			attributes = {
				LastSwiftUpdateCheck = 0820;
				LastUpgradeCheck = 0820;
				ORGANIZATIONNAME = haiki;
				TargetAttributes = {
					A273B5AE1E2F327500809C45 = {
						CreatedOnToolsVersion = 8.2.1;
						ProvisioningStyle = Automatic;
					};
					A273B5C21E2F327500809C45 = {
						CreatedOnToolsVersion = 8.2.1;
						ProvisioningStyle = Automatic;
						TestTargetID = A273B5AE1E2F327500809C45;
					};
					A273B5CD1E2F327500809C45 = {
						CreatedOnToolsVersion = 8.2.1;
						ProvisioningStyle = Automatic;
						TestTargetID = A273B5AE1E2F327500809C45;
					};
				};
			};
			buildConfigurationList = A273B5AA1E2F327500809C45 /* Build configuration list for PBXProject "Tennis" */;
			compatibilityVersion = "Xcode 3.2";
			developmentRegion = English;
			hasScannedForEncodings = 0;
			knownRegions = (
				en,
				Base,
			);
			mainGroup = A273B5A61E2F327500809C45;
			productRefGroup = A273B5B01E2F327500809C45 /* Products */;
			projectDirPath = "";
			projectRoot = "";
			targets = (
				A273B5AE1E2F327500809C45 /* Tennis */,
				A273B5C21E2F327500809C45 /* TennisTests */,
				A273B5CD1E2F327500809C45 /* TennisUITests */,
			);
		};
/* End PBXProject section */

/* Begin PBXResourcesBuildPhase section */
		A273B5AD1E2F327500809C45 /* Resources */ = {
			isa = PBXResourcesBuildPhase;
			buildActionMask = 2147483647;
			files = (
				A273B5BD1E2F327500809C45 /* LaunchScreen.storyboard in Resources */,
				A273B5BA1E2F327500809C45 /* Assets.xcassets in Resources */,
				A273B5B81E2F327500809C45 /* Main.storyboard in Resources */,
			);
			runOnlyForDeploymentPostprocessing = 0;
		};
		A273B5C11E2F327500809C45 /* Resources */ = {
			isa = PBXResourcesBuildPhase;
			buildActionMask = 2147483647;
			files = (
			);
			runOnlyForDeploymentPostprocessing = 0;
		};
		A273B5CC1E2F327500809C45 /* Resources */ = {
			isa = PBXResourcesBuildPhase;
			buildActionMask = 2147483647;
			files = (
			);
			runOnlyForDeploymentPostprocessing = 0;
		};
/* End PBXResourcesBuildPhase section */

/* Begin PBXSourcesBuildPhase section */
		A273B5AB1E2F327500809C45 /* Sources */ = {
			isa = PBXSourcesBuildPhase;
			buildActionMask = 2147483647;
			files = (
				A273B5F31E2F34B200809C45 /* UserInfo.swift in Sources */,
				A273B5F51E2F34D900809C45 /* FxOperation.swift in Sources */,
				A273B5B51E2F327500809C45 /* ViewController.swift in Sources */,
				A273B6041E2F364300809C45 /* RegisterPage.swift in Sources */,
				A273B5FE1E2F35D500809C45 /* FxBasePage.swift in Sources */,
				A273B5F11E2F349100809C45 /* BaseInfo.swift in Sources */,
				A273B6021E2F361F00809C45 /* GuidePage.swift in Sources */,
				A273B5F91E2F351300809C45 /* FxRegister.swift in Sources */,
				A273B5B31E2F327500809C45 /* AppDelegate.swift in Sources */,
				A273B5FB1E2F356E00809C45 /* FxBaseController.swift in Sources */,
				A273B6001E2F360000809C45 /* LoginPage.swift in Sources */,
				A273B5F71E2F350200809C45 /* FxLogin.swift in Sources */,
			);
			runOnlyForDeploymentPostprocessing = 0;
		};
		A273B5BF1E2F327500809C45 /* Sources */ = {
			isa = PBXSourcesBuildPhase;
			buildActionMask = 2147483647;
			files = (
				A273B5C81E2F327500809C45 /* TennisTests.swift in Sources */,
			);
			runOnlyForDeploymentPostprocessing = 0;
		};
		A273B5CA1E2F327500809C45 /* Sources */ = {
			isa = PBXSourcesBuildPhase;
			buildActionMask = 2147483647;
			files = (
				A273B5D31E2F327500809C45 /* TennisUITests.swift in Sources */,
			);
			runOnlyForDeploymentPostprocessing = 0;
		};
/* End PBXSourcesBuildPhase section */

/* Begin PBXTargetDependency section */
		A273B5C51E2F327500809C45 /* PBXTargetDependency */ = {
			isa = PBXTargetDependency;
			target = A273B5AE1E2F327500809C45 /* Tennis */;
			targetProxy = A273B5C41E2F327500809C45 /* PBXContainerItemProxy */;
		};
		A273B5D01E2F327500809C45 /* PBXTargetDependency */ = {
			isa = PBXTargetDependency;
			target = A273B5AE1E2F327500809C45 /* Tennis */;
			targetProxy = A273B5CF1E2F327500809C45 /* PBXContainerItemProxy */;
		};
/* End PBXTargetDependency section */

/* Begin PBXVariantGroup section */
		A273B5B61E2F327500809C45 /* Main.storyboard */ = {
			isa = PBXVariantGroup;
			children = (
				A273B5B71E2F327500809C45 /* Base */,
			);
			name = Main.storyboard;
			sourceTree = "<group>";
		};
		A273B5BB1E2F327500809C45 /* LaunchScreen.storyboard */ = {
			isa = PBXVariantGroup;
			children = (
				A273B5BC1E2F327500809C45 /* Base */,
			);
			name = LaunchScreen.storyboard;
			sourceTree = "<group>";
		};
/* End PBXVariantGroup section */

/* Begin XCBuildConfiguration section */
		A273B5D51E2F327500809C45 /* Debug */ = {
			isa = XCBuildConfiguration;
			buildSettings = {
				ALWAYS_SEARCH_USER_PATHS = NO;
				CLANG_ANALYZER_NONNULL = YES;
				CLANG_CXX_LANGUAGE_STANDARD = "gnu++0x";
				CLANG_CXX_LIBRARY = "libc++";
				CLANG_ENABLE_MODULES = YES;
				CLANG_ENABLE_OBJC_ARC = YES;
				CLANG_WARN_BOOL_CONVERSION = YES;
				CLANG_WARN_CONSTANT_CONVERSION = YES;
				CLANG_WARN_DIRECT_OBJC_ISA_USAGE = YES_ERROR;
				CLANG_WARN_DOCUMENTATION_COMMENTS = YES;
				CLANG_WARN_EMPTY_BODY = YES;
				CLANG_WARN_ENUM_CONVERSION = YES;
				CLANG_WARN_INFINITE_RECURSION = YES;
				CLANG_WARN_INT_CONVERSION = YES;
				CLANG_WARN_OBJC_ROOT_CLASS = YES_ERROR;
				CLANG_WARN_SUSPICIOUS_MOVE = YES;
				CLANG_WARN_UNREACHABLE_CODE = YES;
				CLANG_WARN__DUPLICATE_METHOD_MATCH = YES;
				"CODE_SIGN_IDENTITY[sdk=iphoneos*]" = "iPhone Developer";
				COPY_PHASE_STRIP = NO;
				DEBUG_INFORMATION_FORMAT = dwarf;
				ENABLE_STRICT_OBJC_MSGSEND = YES;
				ENABLE_TESTABILITY = YES;
				GCC_C_LANGUAGE_STANDARD = gnu99;
				GCC_DYNAMIC_NO_PIC = NO;
				GCC_NO_COMMON_BLOCKS = YES;
				GCC_OPTIMIZATION_LEVEL = 0;
				GCC_PREPROCESSOR_DEFINITIONS = (
					"DEBUG=1",
					"$(inherited)",
				);
				GCC_WARN_64_TO_32_BIT_CONVERSION = YES;
				GCC_WARN_ABOUT_RETURN_TYPE = YES_ERROR;
				GCC_WARN_UNDECLARED_SELECTOR = YES;
				GCC_WARN_UNINITIALIZED_AUTOS = YES_AGGRESSIVE;
				GCC_WARN_UNUSED_FUNCTION = YES;
				GCC_WARN_UNUSED_VARIABLE = YES;
				IPHONEOS_DEPLOYMENT_TARGET = 10.2;
				MTL_ENABLE_DEBUG_INFO = YES;
				ONLY_ACTIVE_ARCH = YES;
				SDKROOT = iphoneos;
				SWIFT_ACTIVE_COMPILATION_CONDITIONS = DEBUG;
				SWIFT_OPTIMIZATION_LEVEL = "-Onone";
			};
			name = Debug;
		};
		A273B5D61E2F327500809C45 /* Release */ = {
			isa = XCBuildConfiguration;
			buildSettings = {
				ALWAYS_SEARCH_USER_PATHS = NO;
				CLANG_ANALYZER_NONNULL = YES;
				CLANG_CXX_LANGUAGE_STANDARD = "gnu++0x";
				CLANG_CXX_LIBRARY = "libc++";
				CLANG_ENABLE_MODULES = YES;
				CLANG_ENABLE_OBJC_ARC = YES;
				CLANG_WARN_BOOL_CONVERSION = YES;
				CLANG_WARN_CONSTANT_CONVERSION = YES;
				CLANG_WARN_DIRECT_OBJC_ISA_USAGE = YES_ERROR;
				CLANG_WARN_DOCUMENTATION_COMMENTS = YES;
				CLANG_WARN_EMPTY_BODY = YES;
				CLANG_WARN_ENUM_CONVERSION = YES;
				CLANG_WARN_INFINITE_RECURSION = YES;
				CLANG_WARN_INT_CONVERSION = YES;
				CLANG_WARN_OBJC_ROOT_CLASS = YES_ERROR;
				CLANG_WARN_SUSPICIOUS_MOVE = YES;
				CLANG_WARN_UNREACHABLE_CODE = YES;
				CLANG_WARN__DUPLICATE_METHOD_MATCH = YES;
				"CODE_SIGN_IDENTITY[sdk=iphoneos*]" = "iPhone Developer";
				COPY_PHASE_STRIP = NO;
				DEBUG_INFORMATION_FORMAT = "dwarf-with-dsym";
				ENABLE_NS_ASSERTIONS = NO;
				ENABLE_STRICT_OBJC_MSGSEND = YES;
				GCC_C_LANGUAGE_STANDARD = gnu99;
				GCC_NO_COMMON_BLOCKS = YES;
				GCC_WARN_64_TO_32_BIT_CONVERSION = YES;
				GCC_WARN_ABOUT_RETURN_TYPE = YES_ERROR;
				GCC_WARN_UNDECLARED_SELECTOR = YES;
				GCC_WARN_UNINITIALIZED_AUTOS = YES_AGGRESSIVE;
				GCC_WARN_UNUSED_FUNCTION = YES;
				GCC_WARN_UNUSED_VARIABLE = YES;
				IPHONEOS_DEPLOYMENT_TARGET = 10.2;
				MTL_ENABLE_DEBUG_INFO = NO;
				SDKROOT = iphoneos;
				SWIFT_OPTIMIZATION_LEVEL = "-Owholemodule";
				VALIDATE_PRODUCT = YES;
			};
			name = Release;
		};
		A273B5D81E2F327500809C45 /* Debug */ = {
			isa = XCBuildConfiguration;
			buildSettings = {
				ASSETCATALOG_COMPILER_APPICON_NAME = AppIcon;
				INFOPLIST_FILE = Tennis/Info.plist;
				LD_RUNPATH_SEARCH_PATHS = "$(inherited) @executable_path/Frameworks";
				PRODUCT_BUNDLE_IDENTIFIER = com.haiki.Tennis;
				PRODUCT_NAME = "$(TARGET_NAME)";
				SWIFT_VERSION = 3.0;
			};
			name = Debug;
		};
		A273B5D91E2F327500809C45 /* Release */ = {
			isa = XCBuildConfiguration;
			buildSettings = {
				ASSETCATALOG_COMPILER_APPICON_NAME = AppIcon;
				INFOPLIST_FILE = Tennis/Info.plist;
				LD_RUNPATH_SEARCH_PATHS = "$(inherited) @executable_path/Frameworks";
				PRODUCT_BUNDLE_IDENTIFIER = com.haiki.Tennis;
				PRODUCT_NAME = "$(TARGET_NAME)";
				SWIFT_VERSION = 3.0;
			};
			name = Release;
		};
		A273B5DB1E2F327500809C45 /* Debug */ = {
			isa = XCBuildConfiguration;
			buildSettings = {
				ALWAYS_EMBED_SWIFT_STANDARD_LIBRARIES = YES;
				BUNDLE_LOADER = "$(TEST_HOST)";
				INFOPLIST_FILE = TennisTests/Info.plist;
				LD_RUNPATH_SEARCH_PATHS = "$(inherited) @executable_path/Frameworks @loader_path/Frameworks";
				PRODUCT_BUNDLE_IDENTIFIER = com.haiki.TennisTests;
				PRODUCT_NAME = "$(TARGET_NAME)";
				SWIFT_VERSION = 3.0;
				TEST_HOST = "$(BUILT_PRODUCTS_DIR)/Tennis.app/Tennis";
			};
			name = Debug;
		};
		A273B5DC1E2F327500809C45 /* Release */ = {
			isa = XCBuildConfiguration;
			buildSettings = {
				ALWAYS_EMBED_SWIFT_STANDARD_LIBRARIES = YES;
				BUNDLE_LOADER = "$(TEST_HOST)";
				INFOPLIST_FILE = TennisTests/Info.plist;
				LD_RUNPATH_SEARCH_PATHS = "$(inherited) @executable_path/Frameworks @loader_path/Frameworks";
				PRODUCT_BUNDLE_IDENTIFIER = com.haiki.TennisTests;
				PRODUCT_NAME = "$(TARGET_NAME)";
				SWIFT_VERSION = 3.0;
				TEST_HOST = "$(BUILT_PRODUCTS_DIR)/Tennis.app/Tennis";
			};
			name = Release;
		};
		A273B5DE1E2F327500809C45 /* Debug */ = {
			isa = XCBuildConfiguration;
			buildSettings = {
				ALWAYS_EMBED_SWIFT_STANDARD_LIBRARIES = YES;
				INFOPLIST_FILE = TennisUITests/Info.plist;
				LD_RUNPATH_SEARCH_PATHS = "$(inherited) @executable_path/Frameworks @loader_path/Frameworks";
				PRODUCT_BUNDLE_IDENTIFIER = com.haiki.TennisUITests;
				PRODUCT_NAME = "$(TARGET_NAME)";
				SWIFT_VERSION = 3.0;
				TEST_TARGET_NAME = Tennis;
			};
			name = Debug;
		};
		A273B5DF1E2F327500809C45 /* Release */ = {
			isa = XCBuildConfiguration;
			buildSettings = {
				ALWAYS_EMBED_SWIFT_STANDARD_LIBRARIES = YES;
				INFOPLIST_FILE = TennisUITests/Info.plist;
				LD_RUNPATH_SEARCH_PATHS = "$(inherited) @executable_path/Frameworks @loader_path/Frameworks";
				PRODUCT_BUNDLE_IDENTIFIER = com.haiki.TennisUITests;
				PRODUCT_NAME = "$(TARGET_NAME)";
				SWIFT_VERSION = 3.0;
				TEST_TARGET_NAME = Tennis;
			};
			name = Release;
		};
/* End XCBuildConfiguration section */

/* Begin XCConfigurationList section */
		A273B5AA1E2F327500809C45 /* Build configuration list for PBXProject "Tennis" */ = {
			isa = XCConfigurationList;
			buildConfigurations = (
				A273B5D51E2F327500809C45 /* Debug */,
				A273B5D61E2F327500809C45 /* Release */,
			);
			defaultConfigurationIsVisible = 0;
			defaultConfigurationName = Release;
		};
		A273B5D71E2F327500809C45 /* Build configuration list for PBXNativeTarget "Tennis" */ = {
			isa = XCConfigurationList;
			buildConfigurations = (
				A273B5D81E2F327500809C45 /* Debug */,
				A273B5D91E2F327500809C45 /* Release */,
			);
			defaultConfigurationIsVisible = 0;
		};
		A273B5DA1E2F327500809C45 /* Build configuration list for PBXNativeTarget "TennisTests" */ = {
			isa = XCConfigurationList;
			buildConfigurations = (
				A273B5DB1E2F327500809C45 /* Debug */,
				A273B5DC1E2F327500809C45 /* Release */,
			);
			defaultConfigurationIsVisible = 0;
		};
		A273B5DD1E2F327500809C45 /* Build configuration list for PBXNativeTarget "TennisUITests" */ = {
			isa = XCConfigurationList;
			buildConfigurations = (
				A273B5DE1E2F327500809C45 /* Debug */,
				A273B5DF1E2F327500809C45 /* Release */,
			);
			defaultConfigurationIsVisible = 0;
		};
/* End XCConfigurationList section */
	};
	rootObject = A273B5A71E2F327500809C45 /* Project object */;
}
